
Microsoft Visual Studio Solution File, Format Version 12.00
Project("{FAE04EC0-301F-11D3-BF4B-00C04F79EFBC}") = "StalkerCleaner", "StalkerCleaner\StalkerCleaner.csproj", "{58E21731-961F-4784-B08C-F20B45BD92EB}"
EndProject
Global
	GlobalSection(SolutionConfigurationPlatforms) = preSolution
		Debug|Any CPU = Debug|Any CPU
		Release|Any CPU = Release|Any CPU
	EndGlobalSection
	GlobalSection(ProjectConfigurationPlatforms) = postSolution
		{58E21731-961F-4784-B08C-F20B45BD92EB}.Debug|Any CPU.ActiveCfg = Debug|Any CPU
		{58E21731-961F-4784-B08C-F20B45BD92EB}.Debug|Any CPU.Build.0 = Debug|Any CPU
		{58E21731-961F-4784-B08C-F20B45BD92EB}.Release|Any CPU.ActiveCfg = Release|Any CPU
		{58E21731-961F-4784-B08C-F20B45BD92EB}.Release|Any CPU.Build.0 = Release|Any CPU
		{58E21731-961F-4784-B08C-F20B45BD92EB}.Release|Any CPU.Deploy.0 = Release|Any CPU
	EndGlobalSection
EndGlobal
